
Microsoft Visual Studio Solution File, Format Version 11.00
# Visual Studio 2010
Project("{FAE04EC0-301F-11D3-BF4B-00C04F79EFBC}") = "OrderLincWS", "OrderLincWS\OrderLincWS.csproj", "{AF23544A-4839-4296-A0CA-A0872FA25448}"
EndProject
Project("{54435603-DBB4-11D2-8724-00A0C9A8B90C}") = "OrderLincWSSetup", "OrderLincWSSetup\OrderLincWSSetup.vdproj", "{C64621E9-DE0F-4A33-841B-1B5DDE4AA60A}"
EndProject
Global
	GlobalSection(SolutionConfigurationPlatforms) = preSolution
		Debug|Any CPU = Debug|Any CPU
		Release|Any CPU = Release|Any CPU
	EndGlobalSection
	GlobalSection(ProjectConfigurationPlatforms) = postSolution
		{AF23544A-4839-4296-A0CA-A0872FA25448}.Debug|Any CPU.ActiveCfg = Debug|Any CPU
		{AF23544A-4839-4296-A0CA-A0872FA25448}.Debug|Any CPU.Build.0 = Debug|Any CPU
		{AF23544A-4839-4296-A0CA-A0872FA25448}.Release|Any CPU.ActiveCfg = Release|Any CPU
		{AF23544A-4839-4296-A0CA-A0872FA25448}.Release|Any CPU.Build.0 = Release|Any CPU
		{C64621E9-DE0F-4A33-841B-1B5DDE4AA60A}.Debug|Any CPU.ActiveCfg = Debug
		{C64621E9-DE0F-4A33-841B-1B5DDE4AA60A}.Release|Any CPU.ActiveCfg = Release
	EndGlobalSection
	GlobalSection(SolutionProperties) = preSolution
		HideSolutionNode = FALSE
	EndGlobalSection
EndGlobal
